// !$*UTF8*$!
{
	archiveVersion = 1;
	classes = {
	};
	objectVersion = 50;
	objects = {

/* Begin PBXBuildFile section */
		E404385F265509F200AFFAAB /* AppDelegate.swift in Sources */ = {isa = PBXBuildFile; fileRef = E404385E265509F200AFFAAB /* AppDelegate.swift */; };
		E4043863265509F200AFFAAB /* ViewController.swift in Sources */ = {isa = PBXBuildFile; fileRef = E4043862265509F200AFFAAB /* ViewController.swift */; };
		E4043866265509F300AFFAAB /* Main.storyboard in Resources */ = {isa = PBXBuildFile; fileRef = E4043864265509F300AFFAAB /* Main.storyboard */; };
		E4043868265509F500AFFAAB /* Assets.xcassets in Resources */ = {isa = PBXBuildFile; fileRef = E4043867265509F500AFFAAB /* Assets.xcassets */; };
		E404386B265509F500AFFAAB /* LaunchScreen.storyboard in Resources */ = {isa = PBXBuildFile; fileRef = E4043869265509F500AFFAAB /* LaunchScreen.storyboard */; };
		E40438B126550D2400AFFAAB /* my_bridge.framework in Frameworks */ = {isa = PBXBuildFile; fileRef = E40438AF26550D1500AFFAAB /* my_bridge.framework */; };
		E40438B226550D2400AFFAAB /* my_bridge.framework in Embed Frameworks */ = {isa = PBXBuildFile; fileRef = E40438AF26550D1500AFFAAB /* my_bridge.framework */; settings = {ATTRIBUTES = (CodeSignOnCopy, RemoveHeadersOnCopy, ); }; };
		E40438BE2655275A00AFFAAB /* bridge.mm in Sources */ = {isa = PBXBuildFile; fileRef = E40438BD2655275A00AFFAAB /* bridge.mm */; };
		E40438C1265C983100AFFAAB /* main.js in Resources */ = {isa = PBXBuildFile; fileRef = E40438C0265C983000AFFAAB /* main.js */; };
		E40438E4265C9FD200AFFAAB /* EngineScope.mm in Sources */ = {isa = PBXBuildFile; fileRef = E40438E3265C9FD200AFFAAB /* EngineScope.mm */; };
/* End PBXBuildFile section */

/* Begin PBXCopyFilesBuildPhase section */
		E40438A026550B5800AFFAAB /* Embed Frameworks */ = {
			isa = PBXCopyFilesBuildPhase;
			buildActionMask = 2147483647;
			dstPath = "";
			dstSubfolderSpec = 10;
			files = (
				E40438B226550D2400AFFAAB /* my_bridge.framework in Embed Frameworks */,
			);
			name = "Embed Frameworks";
			runOnlyForDeploymentPostprocessing = 0;
		};
/* End PBXCopyFilesBuildPhase section */

/* Begin PBXFileReference section */
		E404385B265509F200AFFAAB /* ioscplus.app */ = {isa = PBXFileReference; explicitFileType = wrapper.application; includeInIndex = 0; path = ioscplus.app; sourceTree = BUILT_PRODUCTS_DIR; };
		E404385E265509F200AFFAAB /* AppDelegate.swift */ = {isa = PBXFileReference; lastKnownFileType = sourcecode.swift; path = AppDelegate.swift; sourceTree = "<group>"; };
		E4043862265509F200AFFAAB /* ViewController.swift */ = {isa = PBXFileReference; lastKnownFileType = sourcecode.swift; path = ViewController.swift; sourceTree = "<group>"; };
		E4043865265509F300AFFAAB /* Base */ = {isa = PBXFileReference; lastKnownFileType = file.storyboard; name = Base; path = Base.lproj/Main.storyboard; sourceTree = "<group>"; };
		E4043867265509F500AFFAAB /* Assets.xcassets */ = {isa = PBXFileReference; lastKnownFileType = folder.assetcatalog; path = Assets.xcassets; sourceTree = "<group>"; };
		E404386A265509F500AFFAAB /* Base */ = {isa = PBXFileReference; lastKnownFileType = file.storyboard; name = Base; path = Base.lproj/LaunchScreen.storyboard; sourceTree = "<group>"; };
		E404386C265509F500AFFAAB /* Info.plist */ = {isa = PBXFileReference; lastKnownFileType = text.plist.xml; path = Info.plist; sourceTree = "<group>"; };
		E40438AF26550D1500AFFAAB /* my_bridge.framework */ = {isa = PBXFileReference; lastKnownFileType = wrapper.framework; path = my_bridge.framework; sourceTree = "<group>"; };
		E40438B526550E8A00AFFAAB /* ioscplus-Bridging-Header.h */ = {isa = PBXFileReference; lastKnownFileType = sourcecode.c.h; path = "ioscplus-Bridging-Header.h"; sourceTree = "<group>"; };
		E40438BD2655275A00AFFAAB /* bridge.mm */ = {isa = PBXFileReference; lastKnownFileType = sourcecode.cpp.objcpp; path = bridge.mm; sourceTree = "<group>"; };
		E40438BF2655276700AFFAAB /* bridge.h */ = {isa = PBXFileReference; lastKnownFileType = sourcecode.c.h; path = bridge.h; sourceTree = "<group>"; };
		E40438C0265C983000AFFAAB /* main.js */ = {isa = PBXFileReference; fileEncoding = 4; lastKnownFileType = sourcecode.javascript; path = main.js; sourceTree = "<group>"; };
		E40438C4265C9CAF00AFFAAB /* EngineScope.h */ = {isa = PBXFileReference; lastKnownFileType = sourcecode.c.h; path = EngineScope.h; sourceTree = "<group>"; };
		E40438E3265C9FD200AFFAAB /* EngineScope.mm */ = {isa = PBXFileReference; fileEncoding = 4; lastKnownFileType = sourcecode.cpp.objcpp; path = EngineScope.mm; sourceTree = "<group>"; };
/* End PBXFileReference section */

/* Begin PBXFrameworksBuildPhase section */
		E4043858265509F200AFFAAB /* Frameworks */ = {
			isa = PBXFrameworksBuildPhase;
			buildActionMask = 2147483647;
			files = (
				E40438B126550D2400AFFAAB /* my_bridge.framework in Frameworks */,
			);
			runOnlyForDeploymentPostprocessing = 0;
		};
/* End PBXFrameworksBuildPhase section */

/* Begin PBXGroup section */
		E4043852265509F200AFFAAB = {
			isa = PBXGroup;
			children = (
				E40438AF26550D1500AFFAAB /* my_bridge.framework */,
				E404385D265509F200AFFAAB /* ioscplus */,
				E404385C265509F200AFFAAB /* Products */,
			);
			sourceTree = "<group>";
		};
		E404385C265509F200AFFAAB /* Products */ = {
			isa = PBXGroup;
			children = (
				E404385B265509F200AFFAAB /* ioscplus.app */,
			);
			name = Products;
			sourceTree = "<group>";
		};
		E404385D265509F200AFFAAB /* ioscplus */ = {
			isa = PBXGroup;
			children = (
				E40438E5265CEFC700AFFAAB /* modules */,
				E404385E265509F200AFFAAB /* AppDelegate.swift */,
				E4043862265509F200AFFAAB /* ViewController.swift */,
				E4043864265509F300AFFAAB /* Main.storyboard */,
				E4043867265509F500AFFAAB /* Assets.xcassets */,
				E40438C0265C983000AFFAAB /* main.js */,
				E4043869265509F500AFFAAB /* LaunchScreen.storyboard */,
				E404386C265509F500AFFAAB /* Info.plist */,
				E40438B526550E8A00AFFAAB /* ioscplus-Bridging-Header.h */,
				E40438BD2655275A00AFFAAB /* bridge.mm */,
				E40438BF2655276700AFFAAB /* bridge.h */,
				E40438C4265C9CAF00AFFAAB /* EngineScope.h */,
				E40438E3265C9FD200AFFAAB /* EngineScope.mm */,
			);
			path = ioscplus;
			sourceTree = "<group>";
		};
		E40438E5265CEFC700AFFAAB /* modules */ = {
			isa = PBXGroup;
			children = (
			);
			name = modules;
			sourceTree = "<group>";
		};
/* End PBXGroup section */

/* Begin PBXNativeTarget section */
		E404385A265509F200AFFAAB /* ioscplus */ = {
			isa = PBXNativeTarget;
			buildConfigurationList = E4043885265509F500AFFAAB /* Build configuration list for PBXNativeTarget "ioscplus" */;
			buildPhases = (
				E4043857265509F200AFFAAB /* Sources */,
				E4043858265509F200AFFAAB /* Frameworks */,
				E4043859265509F200AFFAAB /* Resources */,
				E40438A026550B5800AFFAAB /* Embed Frameworks */,
			);
			buildRules = (
			);
			dependencies = (
			);
			name = ioscplus;
			productName = ioscplus;
			productReference = E404385B265509F200AFFAAB /* ioscplus.app */;
			productType = "com.apple.product-type.application";
		};
/* End PBXNativeTarget section */

/* Begin PBXProject section */
		E4043853265509F200AFFAAB /* Project object */ = {
			isa = PBXProject;
			attributes = {
				LastSwiftUpdateCheck = 1240;
				LastUpgradeCheck = 1240;
				TargetAttributes = {
					E404385A265509F200AFFAAB = {
						CreatedOnToolsVersion = 12.4;
					};
				};
			};
			buildConfigurationList = E4043856265509F200AFFAAB /* Build configuration list for PBXProject "ioscplus" */;
			compatibilityVersion = "Xcode 9.3";
			developmentRegion = en;
			hasScannedForEncodings = 0;
			knownRegions = (
				en,
				Base,
			);
			mainGroup = E4043852265509F200AFFAAB;
			productRefGroup = E404385C265509F200AFFAAB /* Products */;
			projectDirPath = "";
			projectRoot = "";
			targets = (
				E404385A265509F200AFFAAB /* ioscplus */,
			);
		};
/* End PBXProject section */

/* Begin PBXResourcesBuildPhase section */
		E4043859265509F200AFFAAB /* Resources */ = {
			isa = PBXResourcesBuildPhase;
			buildActionMask = 2147483647;
			files = (
				E404386B265509F500AFFAAB /* LaunchScreen.storyboard in Resources */,
				E4043868265509F500AFFAAB /* Assets.xcassets in Resources */,
				E4043866265509F300AFFAAB /* Main.storyboard in Resources */,
				E40438C1265C983100AFFAAB /* main.js in Resources */,
			);
			runOnlyForDeploymentPostprocessing = 0;
		};
/* End PBXResourcesBuildPhase section */

/* Begin PBXSourcesBuildPhase section */
		E4043857265509F200AFFAAB /* Sources */ = {
			isa = PBXSourcesBuildPhase;
			buildActionMask = 2147483647;
			files = (
				E40438E4265C9FD200AFFAAB /* EngineScope.mm in Sources */,
				E40438BE2655275A00AFFAAB /* bridge.mm in Sources */,
				E4043863265509F200AFFAAB /* ViewController.swift in Sources */,
				E404385F265509F200AFFAAB /* AppDelegate.swift in Sources */,
			);
			runOnlyForDeploymentPostprocessing = 0;
		};
/* End PBXSourcesBuildPhase section */

/* Begin PBXVariantGroup section */
		E4043864265509F300AFFAAB /* Main.storyboard */ = {
			isa = PBXVariantGroup;
			children = (
				E4043865265509F300AFFAAB /* Base */,
			);
			name = Main.storyboard;
			sourceTree = "<group>";
		};
		E4043869265509F500AFFAAB /* LaunchScreen.storyboard */ = {
			isa = PBXVariantGroup;
			children = (
				E404386A265509F500AFFAAB /* Base */,
			);
			name = LaunchScreen.storyboard;
			sourceTree = "<group>";
		};
/* End PBXVariantGroup section */

/* Begin XCBuildConfiguration section */
		E4043883265509F500AFFAAB /* Debug */ = {
			isa = XCBuildConfiguration;
			buildSettings = {
				ALWAYS_SEARCH_USER_PATHS = NO;
				CLANG_ANALYZER_NONNULL = YES;
				CLANG_ANALYZER_NUMBER_OBJECT_CONVERSION = YES_AGGRESSIVE;
				CLANG_CXX_LANGUAGE_STANDARD = "gnu++14";
				CLANG_CXX_LIBRARY = "libc++";
				CLANG_ENABLE_MODULES = YES;
				CLANG_ENABLE_OBJC_ARC = YES;
				CLANG_ENABLE_OBJC_WEAK = YES;
				CLANG_WARN_BLOCK_CAPTURE_AUTORELEASING = YES;
				CLANG_WARN_BOOL_CONVERSION = YES;
				CLANG_WARN_COMMA = YES;
				CLANG_WARN_CONSTANT_CONVERSION = YES;
				CLANG_WARN_DEPRECATED_OBJC_IMPLEMENTATIONS = YES;
				CLANG_WARN_DIRECT_OBJC_ISA_USAGE = YES_ERROR;
				CLANG_WARN_DOCUMENTATION_COMMENTS = YES;
				CLANG_WARN_EMPTY_BODY = YES;
				CLANG_WARN_ENUM_CONVERSION = YES;
				CLANG_WARN_INFINITE_RECURSION = YES;
				CLANG_WARN_INT_CONVERSION = YES;
				CLANG_WARN_NON_LITERAL_NULL_CONVERSION = YES;
				CLANG_WARN_OBJC_IMPLICIT_RETAIN_SELF = YES;
				CLANG_WARN_OBJC_LITERAL_CONVERSION = YES;
				CLANG_WARN_OBJC_ROOT_CLASS = YES_ERROR;
				CLANG_WARN_QUOTED_INCLUDE_IN_FRAMEWORK_HEADER = YES;
				CLANG_WARN_RANGE_LOOP_ANALYSIS = YES;
				CLANG_WARN_STRICT_PROTOTYPES = YES;
				CLANG_WARN_SUSPICIOUS_MOVE = YES;
				CLANG_WARN_UNGUARDED_AVAILABILITY = YES_AGGRESSIVE;
				CLANG_WARN_UNREACHABLE_CODE = YES;
				CLANG_WARN__DUPLICATE_METHOD_MATCH = YES;
				COPY_PHASE_STRIP = NO;
				DEBUG_INFORMATION_FORMAT = dwarf;
				ENABLE_STRICT_OBJC_MSGSEND = YES;
				ENABLE_TESTABILITY = YES;
				GCC_C_LANGUAGE_STANDARD = gnu11;
				GCC_DYNAMIC_NO_PIC = NO;
				GCC_NO_COMMON_BLOCKS = YES;
				GCC_OPTIMIZATION_LEVEL = 0;
				GCC_PREPROCESSOR_DEFINITIONS = (
					"DEBUG=1",
					"$(inherited)",
				);
				GCC_WARN_64_TO_32_BIT_CONVERSION = YES;
				GCC_WARN_ABOUT_RETURN_TYPE = YES_ERROR;
				GCC_WARN_UNDECLARED_SELECTOR = YES;
				GCC_WARN_UNINITIALIZED_AUTOS = YES_AGGRESSIVE;
				GCC_WARN_UNUSED_FUNCTION = YES;
				GCC_WARN_UNUSED_VARIABLE = YES;
				IPHONEOS_DEPLOYMENT_TARGET = 10.0;
				MTL_ENABLE_DEBUG_INFO = INCLUDE_SOURCE;
				MTL_FAST_MATH = YES;
				ONLY_ACTIVE_ARCH = YES;
				SDKROOT = iphoneos;
				SWIFT_ACTIVE_COMPILATION_CONDITIONS = DEBUG;
				SWIFT_OPTIMIZATION_LEVEL = "-Onone";
			};
			name = Debug;
		};
		E4043884265509F500AFFAAB /* Release */ = {
			isa = XCBuildConfiguration;
			buildSettings = {
				ALWAYS_SEARCH_USER_PATHS = NO;
				CLANG_ANALYZER_NONNULL = YES;
				CLANG_ANALYZER_NUMBER_OBJECT_CONVERSION = YES_AGGRESSIVE;
				CLANG_CXX_LANGUAGE_STANDARD = "gnu++14";
				CLANG_CXX_LIBRARY = "libc++";
				CLANG_ENABLE_MODULES = YES;
				CLANG_ENABLE_OBJC_ARC = YES;
				CLANG_ENABLE_OBJC_WEAK = YES;
				CLANG_WARN_BLOCK_CAPTURE_AUTORELEASING = YES;
				CLANG_WARN_BOOL_CONVERSION = YES;
				CLANG_WARN_COMMA = YES;
				CLANG_WARN_CONSTANT_CONVERSION = YES;
				CLANG_WARN_DEPRECATED_OBJC_IMPLEMENTATIONS = YES;
				CLANG_WARN_DIRECT_OBJC_ISA_USAGE = YES_ERROR;
				CLANG_WARN_DOCUMENTATION_COMMENTS = YES;
				CLANG_WARN_EMPTY_BODY = YES;
				CLANG_WARN_ENUM_CONVERSION = YES;
				CLANG_WARN_INFINITE_RECURSION = YES;
				CLANG_WARN_INT_CONVERSION = YES;
				CLANG_WARN_NON_LITERAL_NULL_CONVERSION = YES;
				CLANG_WARN_OBJC_IMPLICIT_RETAIN_SELF = YES;
				CLANG_WARN_OBJC_LITERAL_CONVERSION = YES;
				CLANG_WARN_OBJC_ROOT_CLASS = YES_ERROR;
				CLANG_WARN_QUOTED_INCLUDE_IN_FRAMEWORK_HEADER = YES;
				CLANG_WARN_RANGE_LOOP_ANALYSIS = YES;
				CLANG_WARN_STRICT_PROTOTYPES = YES;
				CLANG_WARN_SUSPICIOUS_MOVE = YES;
				CLANG_WARN_UNGUARDED_AVAILABILITY = YES_AGGRESSIVE;
				CLANG_WARN_UNREACHABLE_CODE = YES;
				CLANG_WARN__DUPLICATE_METHOD_MATCH = YES;
				COPY_PHASE_STRIP = NO;
				DEBUG_INFORMATION_FORMAT = "dwarf-with-dsym";
				ENABLE_NS_ASSERTIONS = NO;
				ENABLE_STRICT_OBJC_MSGSEND = YES;
				GCC_C_LANGUAGE_STANDARD = gnu11;
				GCC_NO_COMMON_BLOCKS = YES;
				GCC_WARN_64_TO_32_BIT_CONVERSION = YES;
				GCC_WARN_ABOUT_RETURN_TYPE = YES_ERROR;
				GCC_WARN_UNDECLARED_SELECTOR = YES;
				GCC_WARN_UNINITIALIZED_AUTOS = YES_AGGRESSIVE;
				GCC_WARN_UNUSED_FUNCTION = YES;
				GCC_WARN_UNUSED_VARIABLE = YES;
				IPHONEOS_DEPLOYMENT_TARGET = 10.0;
				MTL_ENABLE_DEBUG_INFO = NO;
				MTL_FAST_MATH = YES;
				SDKROOT = iphoneos;
				SWIFT_COMPILATION_MODE = wholemodule;
				SWIFT_OPTIMIZATION_LEVEL = "-O";
				VALIDATE_PRODUCT = YES;
			};
			name = Release;
		};
		E4043886265509F500AFFAAB /* Debug */ = {
			isa = XCBuildConfiguration;
			buildSettings = {
				ASSETCATALOG_COMPILER_APPICON_NAME = AppIcon;
				ASSETCATALOG_COMPILER_GLOBAL_ACCENT_COLOR_NAME = AccentColor;
				CLANG_CXX_LANGUAGE_STANDARD = "gnu++0x";
				CLANG_CXX_LIBRARY = "libc++";
				CODE_SIGN_STYLE = Automatic;
				DEVELOPMENT_TEAM = 4ANB84C5XV;
				ENABLE_BITCODE = NO;
				"EXCLUDED_ARCHS[sdk=iphoneos*]" = "x86_64 i386";
				"EXCLUDED_ARCHS[sdk=iphonesimulator*]" = "armv7 arm64e arm64";
				FRAMEWORK_SEARCH_PATHS = (
					"$(inherited)",
					"$(PROJECT_DIR)",
				);
				INFOPLIST_FILE = ioscplus/Info.plist;
				IPHONEOS_DEPLOYMENT_TARGET = 10.0;
				LD_RUNPATH_SEARCH_PATHS = (
					"$(inherited)",
					"@executable_path/Frameworks",
				);
				ONLY_ACTIVE_ARCH = YES;
				PRODUCT_BUNDLE_IDENTIFIER = com.song.ioscplus;
				PRODUCT_NAME = "$(TARGET_NAME)";
				SWIFT_OBJC_BRIDGING_HEADER = "ioscplus/ioscplus-Bridging-Header.h";
				SWIFT_VERSION = 5.0;
				SYSTEM_HEADER_SEARCH_PATHS = "";
				TARGETED_DEVICE_FAMILY = "1,2";
				VALIDATE_WORKSPACE = YES;
			};
			name = Debug;
		};
		E4043887265509F500AFFAAB /* Release */ = {
			isa = XCBuildConfiguration;
			buildSettings = {
				ASSETCATALOG_COMPILER_APPICON_NAME = AppIcon;
				ASSETCATALOG_COMPILER_GLOBAL_ACCENT_COLOR_NAME = AccentColor;
				CLANG_CXX_LANGUAGE_STANDARD = "gnu++0x";
				CLANG_CXX_LIBRARY = "libc++";
				CODE_SIGN_STYLE = Automatic;
				DEVELOPMENT_TEAM = 4ANB84C5XV;
				ENABLE_BITCODE = NO;
				"EXCLUDED_ARCHS[sdk=iphoneos*]" = "i386 x86_64";
				"EXCLUDED_ARCHS[sdk=iphonesimulator*]" = "arm64 arm64e armv7";
				FRAMEWORK_SEARCH_PATHS = (
					"$(inherited)",
					"$(PROJECT_DIR)",
				);
				INFOPLIST_FILE = ioscplus/Info.plist;
				IPHONEOS_DEPLOYMENT_TARGET = 10.0;
				LD_RUNPATH_SEARCH_PATHS = (
					"$(inherited)",
					"@executable_path/Frameworks",
				);
				PRODUCT_BUNDLE_IDENTIFIER = com.song.ioscplus;
				PRODUCT_NAME = "$(TARGET_NAME)";
				SWIFT_OBJC_BRIDGING_HEADER = "ioscplus/ioscplus-Bridging-Header.h";
				SWIFT_VERSION = 5.0;
				SYSTEM_HEADER_SEARCH_PATHS = "";
				TARGETED_DEVICE_FAMILY = "1,2";
				VALIDATE_WORKSPACE = YES;
			};
			name = Release;
		};
/* End XCBuildConfiguration section */

/* Begin XCConfigurationList section */
		E4043856265509F200AFFAAB /* Build configuration list for PBXProject "ioscplus" */ = {
			isa = XCConfigurationList;
			buildConfigurations = (
				E4043883265509F500AFFAAB /* Debug */,
				E4043884265509F500AFFAAB /* Release */,
			);
			defaultConfigurationIsVisible = 0;
			defaultConfigurationName = Release;
		};
		E4043885265509F500AFFAAB /* Build configuration list for PBXNativeTarget "ioscplus" */ = {
			isa = XCConfigurationList;
			buildConfigurations = (
				E4043886265509F500AFFAAB /* Debug */,
				E4043887265509F500AFFAAB /* Release */,
			);
			defaultConfigurationIsVisible = 0;
			defaultConfigurationName = Release;
		};
/* End XCConfigurationList section */
	};
	rootObject = E4043853265509F200AFFAAB /* Project object */;
}
